Microsoft Visual Studio Solution File, Format Version 12.00
# Visual Studio Version 17
VisualStudioVersion = 17.5.2.0
MinimumVisualStudioVersion = 10.0.40219.1
Project("{FAE04EC0-301F-11D3-BF4B-00C04F79EFBC}") = "WeatherLux", "WeatherLux.csproj", "{DCB20823-597B-3443-662E-A42340F25F40}"
EndProject
Global
	GlobalSection(SolutionConfigurationPlatforms) = preSolution
		Debug|Any CPU = Debug|Any CPU
		Release|Any CPU = Release|Any CPU
	EndGlobalSection
	GlobalSection(ProjectConfigurationPlatforms) = postSolution
		{DCB20823-597B-3443-662E-A42340F25F40}.Debug|Any CPU.ActiveCfg = Debug|Any CPU
		{DCB20823-597B-3443-662E-A42340F25F40}.Debug|Any CPU.Build.0 = Debug|Any CPU
		{DCB20823-597B-3443-662E-A42340F25F40}.Release|Any CPU.ActiveCfg = Release|Any CPU
		{DCB20823-597B-3443-662E-A42340F25F40}.Release|Any CPU.Build.0 = Release|Any CPU
	EndGlobalSection
	GlobalSection(SolutionProperties) = preSolution
		HideSolutionNode = FALSE
	EndGlobalSection
	GlobalSection(ExtensibilityGlobals) = postSolution
		SolutionGuid = {573ABC98-6E05-4F70-AFE3-16683AFDEC96}
	EndGlobalSection
EndGlobal
